Microsoft Visual Studio Solution File, Format Version 12.00
# Visual Studio Version 17
VisualStudioVersion = 17.5.2.0
MinimumVisualStudioVersion = 10.0.40219.1
Project("{FAE04EC0-301F-11D3-BF4B-00C04F79EFBC}") = "cll-dotnet", "cll-dotnet.csproj", "{0475B22C-FCC5-A97D-9DC6-939F31A78E02}"
EndProject
Global
	GlobalSection(SolutionConfigurationPlatforms) = preSolution
		Debug|Any CPU = Debug|Any CPU
		Release|Any CPU = Release|Any CPU
	EndGlobalSection
	GlobalSection(ProjectConfigurationPlatforms) = postSolution
		{0475B22C-FCC5-A97D-9DC6-939F31A78E02}.Debug|Any CPU.ActiveCfg = Debug|Any CPU
		{0475B22C-FCC5-A97D-9DC6-939F31A78E02}.Debug|Any CPU.Build.0 = Debug|Any CPU
		{0475B22C-FCC5-A97D-9DC6-939F31A78E02}.Release|Any CPU.ActiveCfg = Release|Any CPU
		{0475B22C-FCC5-A97D-9DC6-939F31A78E02}.Release|Any CPU.Build.0 = Release|Any CPU
	EndGlobalSection
	GlobalSection(SolutionProperties) = preSolution
		HideSolutionNode = FALSE
	EndGlobalSection
	GlobalSection(ExtensibilityGlobals) = postSolution
		SolutionGuid = {17FE728C-4175-498D-8890-5C5B7D2B5779}
	EndGlobalSection
EndGlobal
